
Microsoft Visual Studio Solution File, Format Version 12.00
# Visual Studio 2013
VisualStudioVersion = 12.0.21005.1
MinimumVisualStudioVersion = 10.0.40219.1
Project("{FAE04EC0-301F-11D3-BF4B-00C04F79EFBC}") = "Web", "MvcAjaxErrorModal\Web.csproj", "{426935AB-75F2-4E78-83D6-2F7EAA2831F4}"
EndProject
Project("{FAE04EC0-301F-11D3-BF4B-00C04F79EFBC}") = "Service", "Service\Service.csproj", "{B4F5C9AA-7953-4739-B1D0-276AA6E069AB}"
EndProject
Project("{FAE04EC0-301F-11D3-BF4B-00C04F79EFBC}") = "Core", "Core\Core.csproj", "{B9DBCD2F-DBCB-41FE-A359-593B5766A58F}"
EndProject
Global
	GlobalSection(SolutionConfigurationPlatforms) = preSolution
		Debug|Any CPU = Debug|Any CPU
		Release|Any CPU = Release|Any CPU
	EndGlobalSection
	GlobalSection(ProjectConfigurationPlatforms) = postSolution
		{426935AB-75F2-4E78-83D6-2F7EAA2831F4}.Debug|Any CPU.ActiveCfg = Debug|Any CPU
		{426935AB-75F2-4E78-83D6-2F7EAA2831F4}.Debug|Any CPU.Build.0 = Debug|Any CPU
		{426935AB-75F2-4E78-83D6-2F7EAA2831F4}.Release|Any CPU.ActiveCfg = Release|Any CPU
		{426935AB-75F2-4E78-83D6-2F7EAA2831F4}.Release|Any CPU.Build.0 = Release|Any CPU
		{B4F5C9AA-7953-4739-B1D0-276AA6E069AB}.Debug|Any CPU.ActiveCfg = Debug|Any CPU
		{B4F5C9AA-7953-4739-B1D0-276AA6E069AB}.Debug|Any CPU.Build.0 = Debug|Any CPU
		{B4F5C9AA-7953-4739-B1D0-276AA6E069AB}.Release|Any CPU.ActiveCfg = Release|Any CPU
		{B4F5C9AA-7953-4739-B1D0-276AA6E069AB}.Release|Any CPU.Build.0 = Release|Any CPU
		{B9DBCD2F-DBCB-41FE-A359-593B5766A58F}.Debug|Any CPU.ActiveCfg = Debug|Any CPU
		{B9DBCD2F-DBCB-41FE-A359-593B5766A58F}.Debug|Any CPU.Build.0 = Debug|Any CPU
		{B9DBCD2F-DBCB-41FE-A359-593B5766A58F}.Release|Any CPU.ActiveCfg = Release|Any CPU
		{B9DBCD2F-DBCB-41FE-A359-593B5766A58F}.Release|Any CPU.Build.0 = Release|Any CPU
	EndGlobalSection
	GlobalSection(SolutionProperties) = preSolution
		HideSolutionNode = FALSE
	EndGlobalSection
EndGlobal
